{
  "version": 4,
  "terraform_version": "1.1.7",
  "serial": 38,
  "lineage": "e349382c-c12c-22eb-c549-7763e2b8230f",
  "outputs": {},
  "resources": [
    {
      "mode": "managed",
      "type": "azurerm_network_interface",
      "name": "myNic1",
      "provider": "provider[\"registry.terraform.io/hashicorp/azurerm\"]",
      "instances": [
        {
          "schema_version": 0,
          "attributes": {
            "applied_dns_servers": [],
            "dns_servers": [],
            "enable_accelerated_networking": false,
            "enable_ip_forwarding": false,
            "id": "/subscriptions/bca86a46-059e-45f5-ba6d-4a75bf90450d/resourceGroups/kubernetes_rg/providers/Microsoft.Network/networkInterfaces/vmnic1",
            "internal_dns_name_label": "",
            "internal_domain_name_suffix": "xfqhyriuexcu1cat2owqvgigvg.ax.internal.cloudapp.net",
            "ip_configuration": [
              {
                "name": "myipconfiguration1",
                "primary": true,
                "private_ip_address": "10.0.1.10",
                "private_ip_address_allocation": "Static",
                "private_ip_address_version": "IPv4",
                "public_ip_address_id": "/subscriptions/bca86a46-059e-45f5-ba6d-4a75bf90450d/resourceGroups/kubernetes_rg/providers/Microsoft.Network/publicIPAddresses/vmip1",
                "subnet_id": "/subscriptions/bca86a46-059e-45f5-ba6d-4a75bf90450d/resourceGroups/kubernetes_rg/providers/Microsoft.Network/virtualNetworks/kubernetesnet/subnets/terraformsubnet"
              }
            ],
            "location": "westeurope",
            "mac_address": "",
            "name": "vmnic1",
            "private_ip_address": "10.0.1.10",
            "private_ip_addresses": [
              "10.0.1.10"
            ],
            "resource_group_name": "kubernetes_rg",
            "tags": {
              "environment": "CP2"
            },
            "timeouts": null,
            "virtual_machine_id": ""
          },
          "sensitive_attributes": [],
          "private": "eyJlMmJmYjczMC1lY2FhLTExZTYtOGY4OC0zNDM2M2JjN2M0YzAiOnsiY3JlYXRlIjoxODAwMDAwMDAwMDAwLCJkZWxldGUiOjE4MDAwMDAwMDAwMDAsInJlYWQiOjMwMDAwMDAwMDAwMCwidXBkYXRlIjoxODAwMDAwMDAwMDAwfX0=",
          "dependencies": [
            "azurerm_public_ip.myPublicIp1",
            "azurerm_resource_group.rg",
            "azurerm_subnet.mySubnet",
            "azurerm_virtual_network.myNet"
          ]
        }
      ]
    },
    {
      "mode": "managed",
      "type": "azurerm_network_interface",
      "name": "myNic2",
      "provider": "provider[\"registry.terraform.io/hashicorp/azurerm\"]",
      "instances": [
        {
          "schema_version": 0,
          "attributes": {
            "applied_dns_servers": [],
            "dns_servers": [],
            "enable_accelerated_networking": false,
            "enable_ip_forwarding": false,
            "id": "/subscriptions/bca86a46-059e-45f5-ba6d-4a75bf90450d/resourceGroups/kubernetes_rg/providers/Microsoft.Network/networkInterfaces/vmnic2",
            "internal_dns_name_label": "",
            "internal_domain_name_suffix": "xfqhyriuexcu1cat2owqvgigvg.ax.internal.cloudapp.net",
            "ip_configuration": [
              {
                "name": "myipconfiguration2",
                "primary": true,
                "private_ip_address": "10.0.1.11",
                "private_ip_address_allocation": "Static",
                "private_ip_address_version": "IPv4",
                "public_ip_address_id": "/subscriptions/bca86a46-059e-45f5-ba6d-4a75bf90450d/resourceGroups/kubernetes_rg/providers/Microsoft.Network/publicIPAddresses/vmip2",
                "subnet_id": "/subscriptions/bca86a46-059e-45f5-ba6d-4a75bf90450d/resourceGroups/kubernetes_rg/providers/Microsoft.Network/virtualNetworks/kubernetesnet/subnets/terraformsubnet"
              }
            ],
            "location": "westeurope",
            "mac_address": "",
            "name": "vmnic2",
            "private_ip_address": "10.0.1.11",
            "private_ip_addresses": [
              "10.0.1.11"
            ],
            "resource_group_name": "kubernetes_rg",
            "tags": {
              "environment": "CP2"
            },
            "timeouts": null,
            "virtual_machine_id": ""
          },
          "sensitive_attributes": [],
          "private": "eyJlMmJmYjczMC1lY2FhLTExZTYtOGY4OC0zNDM2M2JjN2M0YzAiOnsiY3JlYXRlIjoxODAwMDAwMDAwMDAwLCJkZWxldGUiOjE4MDAwMDAwMDAwMDAsInJlYWQiOjMwMDAwMDAwMDAwMCwidXBkYXRlIjoxODAwMDAwMDAwMDAwfX0=",
          "dependencies": [
            "azurerm_public_ip.myPublicIp2",
            "azurerm_resource_group.rg",
            "azurerm_subnet.mySubnet",
            "azurerm_virtual_network.myNet"
          ]
        }
      ]
    },
    {
      "mode": "managed",
      "type": "azurerm_network_interface",
      "name": "myNic3",
      "provider": "provider[\"registry.terraform.io/hashicorp/azurerm\"]",
      "instances": [
        {
          "schema_version": 0,
          "attributes": {
            "applied_dns_servers": [],
            "dns_servers": [],
            "enable_accelerated_networking": false,
            "enable_ip_forwarding": false,
            "id": "/subscriptions/bca86a46-059e-45f5-ba6d-4a75bf90450d/resourceGroups/kubernetes_rg/providers/Microsoft.Network/networkInterfaces/vmnic3",
            "internal_dns_name_label": "",
            "internal_domain_name_suffix": "xfqhyriuexcu1cat2owqvgigvg.ax.internal.cloudapp.net",
            "ip_configuration": [
              {
                "name": "myipconfiguration3",
                "primary": true,
                "private_ip_address": "10.0.1.12",
                "private_ip_address_allocation": "Static",
                "private_ip_address_version": "IPv4",
                "public_ip_address_id": "/subscriptions/bca86a46-059e-45f5-ba6d-4a75bf90450d/resourceGroups/kubernetes_rg/providers/Microsoft.Network/publicIPAddresses/vmip3",
                "subnet_id": "/subscriptions/bca86a46-059e-45f5-ba6d-4a75bf90450d/resourceGroups/kubernetes_rg/providers/Microsoft.Network/virtualNetworks/kubernetesnet/subnets/terraformsubnet"
              }
            ],
            "location": "westeurope",
            "mac_address": "",
            "name": "vmnic3",
            "private_ip_address": "10.0.1.12",
            "private_ip_addresses": [
              "10.0.1.12"
            ],
            "resource_group_name": "kubernetes_rg",
            "tags": {
              "environment": "CP2"
            },
            "timeouts": null,
            "virtual_machine_id": ""
          },
          "sensitive_attributes": [],
          "private": "eyJlMmJmYjczMC1lY2FhLTExZTYtOGY4OC0zNDM2M2JjN2M0YzAiOnsiY3JlYXRlIjoxODAwMDAwMDAwMDAwLCJkZWxldGUiOjE4MDAwMDAwMDAwMDAsInJlYWQiOjMwMDAwMDAwMDAwMCwidXBkYXRlIjoxODAwMDAwMDAwMDAwfX0=",
          "dependencies": [
            "azurerm_public_ip.myPublicIp3",
            "azurerm_resource_group.rg",
            "azurerm_subnet.mySubnet3",
            "azurerm_virtual_network.myNet"
          ]
        }
      ]
    },
    {
      "mode": "managed",
      "type": "azurerm_network_interface",
      "name": "myNic4",
      "provider": "provider[\"registry.terraform.io/hashicorp/azurerm\"]",
      "instances": [
        {
          "schema_version": 0,
          "attributes": {
            "applied_dns_servers": [],
            "dns_servers": [],
            "enable_accelerated_networking": false,
            "enable_ip_forwarding": false,
            "id": "/subscriptions/bca86a46-059e-45f5-ba6d-4a75bf90450d/resourceGroups/kubernetes_rg/providers/Microsoft.Network/networkInterfaces/vmnic4",
            "internal_dns_name_label": "",
            "internal_domain_name_suffix": "xfqhyriuexcu1cat2owqvgigvg.ax.internal.cloudapp.net",
            "ip_configuration": [
              {
                "name": "myipconfiguration4",
                "primary": true,
                "private_ip_address": "10.0.1.13",
                "private_ip_address_allocation": "Static",
                "private_ip_address_version": "IPv4",
                "public_ip_address_id": "/subscriptions/bca86a46-059e-45f5-ba6d-4a75bf90450d/resourceGroups/kubernetes_rg/providers/Microsoft.Network/publicIPAddresses/vmip4",
                "subnet_id": "/subscriptions/bca86a46-059e-45f5-ba6d-4a75bf90450d/resourceGroups/kubernetes_rg/providers/Microsoft.Network/virtualNetworks/kubernetesnet/subnets/terraformsubnet"
              }
            ],
            "location": "westeurope",
            "mac_address": "",
            "name": "vmnic4",
            "private_ip_address": "10.0.1.13",
            "private_ip_addresses": [
              "10.0.1.13"
            ],
            "resource_group_name": "kubernetes_rg",
            "tags": {
              "environment": "CP2"
            },
            "timeouts": null,
            "virtual_machine_id": ""
          },
          "sensitive_attributes": [],
          "private": "eyJlMmJmYjczMC1lY2FhLTExZTYtOGY4OC0zNDM2M2JjN2M0YzAiOnsiY3JlYXRlIjoxODAwMDAwMDAwMDAwLCJkZWxldGUiOjE4MDAwMDAwMDAwMDAsInJlYWQiOjMwMDAwMDAwMDAwMCwidXBkYXRlIjoxODAwMDAwMDAwMDAwfX0=",
          "dependencies": [
            "azurerm_public_ip.myPublicIp4",
            "azurerm_resource_group.rg",
            "azurerm_subnet.mySubnet4",
            "azurerm_virtual_network.myNet"
          ]
        }
      ]
    },
    {
      "mode": "managed",
      "type": "azurerm_network_interface_security_group_association",
      "name": "mySecGroupAssociation1",
      "provider": "provider[\"registry.terraform.io/hashicorp/azurerm\"]",
      "instances": [
        {
          "schema_version": 0,
          "attributes": {
            "id": "/subscriptions/bca86a46-059e-45f5-ba6d-4a75bf90450d/resourceGroups/kubernetes_rg/providers/Microsoft.Network/networkInterfaces/vmnic1|/subscriptions/bca86a46-059e-45f5-ba6d-4a75bf90450d/resourceGroups/kubernetes_rg/providers/Microsoft.Network/networkSecurityGroups/sshtraffic",
            "network_interface_id": "/subscriptions/bca86a46-059e-45f5-ba6d-4a75bf90450d/resourceGroups/kubernetes_rg/providers/Microsoft.Network/networkInterfaces/vmnic1",
            "network_security_group_id": "/subscriptions/bca86a46-059e-45f5-ba6d-4a75bf90450d/resourceGroups/kubernetes_rg/providers/Microsoft.Network/networkSecurityGroups/sshtraffic",
            "timeouts": null
          },
          "sensitive_attributes": [],
          "private": "eyJlMmJmYjczMC1lY2FhLTExZTYtOGY4OC0zNDM2M2JjN2M0YzAiOnsiY3JlYXRlIjoxODAwMDAwMDAwMDAwLCJkZWxldGUiOjE4MDAwMDAwMDAwMDAsInJlYWQiOjMwMDAwMDAwMDAwMCwidXBkYXRlIjoxODAwMDAwMDAwMDAwfX0=",
          "dependencies": [
            "azurerm_network_interface.myNic1",
            "azurerm_network_security_group.mySecGroup",
            "azurerm_public_ip.myPublicIp1",
            "azurerm_resource_group.rg",
            "azurerm_subnet.mySubnet",
            "azurerm_virtual_network.myNet"
          ]
        }
      ]
    },
    {
      "mode": "managed",
      "type": "azurerm_network_interface_security_group_association",
      "name": "mySecGroupAssociation2",
      "provider": "provider[\"registry.terraform.io/hashicorp/azurerm\"]",
      "instances": []
    },
    {
      "mode": "managed",
      "type": "azurerm_network_interface_security_group_association",
      "name": "mySecGroupAssociation3",
      "provider": "provider[\"registry.terraform.io/hashicorp/azurerm\"]",
      "instances": [
        {
          "schema_version": 0,
          "attributes": {
            "id": "/subscriptions/bca86a46-059e-45f5-ba6d-4a75bf90450d/resourceGroups/kubernetes_rg/providers/Microsoft.Network/networkInterfaces/vmnic3|/subscriptions/bca86a46-059e-45f5-ba6d-4a75bf90450d/resourceGroups/kubernetes_rg/providers/Microsoft.Network/networkSecurityGroups/sshtraffic",
            "network_interface_id": "/subscriptions/bca86a46-059e-45f5-ba6d-4a75bf90450d/resourceGroups/kubernetes_rg/providers/Microsoft.Network/networkInterfaces/vmnic3",
            "network_security_group_id": "/subscriptions/bca86a46-059e-45f5-ba6d-4a75bf90450d/resourceGroups/kubernetes_rg/providers/Microsoft.Network/networkSecurityGroups/sshtraffic",
            "timeouts": null
          },
          "sensitive_attributes": [],
          "private": "eyJlMmJmYjczMC1lY2FhLTExZTYtOGY4OC0zNDM2M2JjN2M0YzAiOnsiY3JlYXRlIjoxODAwMDAwMDAwMDAwLCJkZWxldGUiOjE4MDAwMDAwMDAwMDAsInJlYWQiOjMwMDAwMDAwMDAwMCwidXBkYXRlIjoxODAwMDAwMDAwMDAwfX0=",
          "dependencies": [
            "azurerm_network_interface.myNic3",
            "azurerm_network_security_group.mySecGroup3",
            "azurerm_public_ip.myPublicIp3",
            "azurerm_resource_group.rg",
            "azurerm_subnet.mySubnet3",
            "azurerm_virtual_network.myNet"
          ]
        }
      ]
    },
    {
      "mode": "managed",
      "type": "azurerm_network_interface_security_group_association",
      "name": "mySecGroupAssociation4",
      "provider": "provider[\"registry.terraform.io/hashicorp/azurerm\"]",
      "instances": []
    },
    {
      "mode": "managed",
      "type": "azurerm_network_security_group",
      "name": "mySecGroup",
      "provider": "provider[\"registry.terraform.io/hashicorp/azurerm\"]",
      "instances": [
        {
          "schema_version": 0,
          "attributes": {
            "id": "/subscriptions/bca86a46-059e-45f5-ba6d-4a75bf90450d/resourceGroups/kubernetes_rg/providers/Microsoft.Network/networkSecurityGroups/sshtraffic",
            "location": "westeurope",
            "name": "sshtraffic",
            "resource_group_name": "kubernetes_rg",
            "security_rule": [
              {
                "access": "Allow",
                "description": "",
                "destination_address_prefix": "*",
                "destination_address_prefixes": [],
                "destination_application_security_group_ids": [],
                "destination_port_range": "22",
                "destination_port_ranges": [],
                "direction": "Inbound",
                "name": "SSH",
                "priority": 1001,
                "protocol": "Tcp",
                "source_address_prefix": "*",
                "source_address_prefixes": [],
                "source_application_security_group_ids": [],
                "source_port_range": "*",
                "source_port_ranges": []
              }
            ],
            "tags": {
              "environment": "CP2"
            },
            "timeouts": null
          },
          "sensitive_attributes": [],
          "private": "eyJlMmJmYjczMC1lY2FhLTExZTYtOGY4OC0zNDM2M2JjN2M0YzAiOnsiY3JlYXRlIjoxODAwMDAwMDAwMDAwLCJkZWxldGUiOjE4MDAwMDAwMDAwMDAsInJlYWQiOjMwMDAwMDAwMDAwMCwidXBkYXRlIjoxODAwMDAwMDAwMDAwfX0=",
          "dependencies": [
            "azurerm_resource_group.rg"
          ]
        }
      ]
    },
    {
      "mode": "managed",
      "type": "azurerm_network_security_group",
      "name": "mySecGroup3",
      "provider": "provider[\"registry.terraform.io/hashicorp/azurerm\"]",
      "instances": [
        {
          "schema_version": 0,
          "attributes": {
            "id": "/subscriptions/bca86a46-059e-45f5-ba6d-4a75bf90450d/resourceGroups/kubernetes_rg/providers/Microsoft.Network/networkSecurityGroups/sshtraffic",
            "location": "westeurope",
            "name": "sshtraffic",
            "resource_group_name": "kubernetes_rg",
            "security_rule": [
              {
                "access": "Allow",
                "description": "",
                "destination_address_prefix": "*",
                "destination_address_prefixes": [],
                "destination_application_security_group_ids": [],
                "destination_port_range": "22",
                "destination_port_ranges": [],
                "direction": "Inbound",
                "name": "SSH",
                "priority": 1001,
                "protocol": "Tcp",
                "source_address_prefix": "*",
                "source_address_prefixes": [],
                "source_application_security_group_ids": [],
                "source_port_range": "*",
                "source_port_ranges": []
              }
            ],
            "tags": {
              "environment": "CP2"
            },
            "timeouts": null
          },
          "sensitive_attributes": [],
          "private": "eyJlMmJmYjczMC1lY2FhLTExZTYtOGY4OC0zNDM2M2JjN2M0YzAiOnsiY3JlYXRlIjoxODAwMDAwMDAwMDAwLCJkZWxldGUiOjE4MDAwMDAwMDAwMDAsInJlYWQiOjMwMDAwMDAwMDAwMCwidXBkYXRlIjoxODAwMDAwMDAwMDAwfX0=",
          "dependencies": [
            "azurerm_resource_group.rg"
          ]
        }
      ]
    },
    {
      "mode": "managed",
      "type": "azurerm_public_ip",
      "name": "myPublicIp1",
      "provider": "provider[\"registry.terraform.io/hashicorp/azurerm\"]",
      "instances": [
        {
          "schema_version": 0,
          "attributes": {
            "allocation_method": "Dynamic",
            "domain_name_label": null,
            "fqdn": null,
            "id": "/subscriptions/bca86a46-059e-45f5-ba6d-4a75bf90450d/resourceGroups/kubernetes_rg/providers/Microsoft.Network/publicIPAddresses/vmip1",
            "idle_timeout_in_minutes": 4,
            "ip_address": "",
            "ip_version": "IPv4",
            "location": "westeurope",
            "name": "vmip1",
            "public_ip_prefix_id": null,
            "resource_group_name": "kubernetes_rg",
            "reverse_fqdn": null,
            "sku": "Basic",
            "tags": {
              "environment": "CP2"
            },
            "timeouts": null,
            "zones": []
          },
          "sensitive_attributes": [],
          "private": "eyJlMmJmYjczMC1lY2FhLTExZTYtOGY4OC0zNDM2M2JjN2M0YzAiOnsiY3JlYXRlIjoxODAwMDAwMDAwMDAwLCJkZWxldGUiOjE4MDAwMDAwMDAwMDAsInJlYWQiOjMwMDAwMDAwMDAwMCwidXBkYXRlIjoxODAwMDAwMDAwMDAwfX0=",
          "dependencies": [
            "azurerm_resource_group.rg"
          ]
        }
      ]
    },
    {
      "mode": "managed",
      "type": "azurerm_public_ip",
      "name": "myPublicIp2",
      "provider": "provider[\"registry.terraform.io/hashicorp/azurerm\"]",
      "instances": [
        {
          "schema_version": 0,
          "attributes": {
            "allocation_method": "Dynamic",
            "domain_name_label": null,
            "fqdn": null,
            "id": "/subscriptions/bca86a46-059e-45f5-ba6d-4a75bf90450d/resourceGroups/kubernetes_rg/providers/Microsoft.Network/publicIPAddresses/vmip2",
            "idle_timeout_in_minutes": 4,
            "ip_address": "",
            "ip_version": "IPv4",
            "location": "westeurope",
            "name": "vmip2",
            "public_ip_prefix_id": null,
            "resource_group_name": "kubernetes_rg",
            "reverse_fqdn": null,
            "sku": "Basic",
            "tags": {
              "environment": "CP2"
            },
            "timeouts": null,
            "zones": []
          },
          "sensitive_attributes": [],
          "private": "eyJlMmJmYjczMC1lY2FhLTExZTYtOGY4OC0zNDM2M2JjN2M0YzAiOnsiY3JlYXRlIjoxODAwMDAwMDAwMDAwLCJkZWxldGUiOjE4MDAwMDAwMDAwMDAsInJlYWQiOjMwMDAwMDAwMDAwMCwidXBkYXRlIjoxODAwMDAwMDAwMDAwfX0=",
          "dependencies": [
            "azurerm_resource_group.rg"
          ]
        }
      ]
    },
    {
      "mode": "managed",
      "type": "azurerm_public_ip",
      "name": "myPublicIp3",
      "provider": "provider[\"registry.terraform.io/hashicorp/azurerm\"]",
      "instances": [
        {
          "schema_version": 0,
          "attributes": {
            "allocation_method": "Dynamic",
            "domain_name_label": null,
            "fqdn": null,
            "id": "/subscriptions/bca86a46-059e-45f5-ba6d-4a75bf90450d/resourceGroups/kubernetes_rg/providers/Microsoft.Network/publicIPAddresses/vmip3",
            "idle_timeout_in_minutes": 4,
            "ip_address": "",
            "ip_version": "IPv4",
            "location": "westeurope",
            "name": "vmip3",
            "public_ip_prefix_id": null,
            "resource_group_name": "kubernetes_rg",
            "reverse_fqdn": null,
            "sku": "Basic",
            "tags": {
              "environment": "CP2"
            },
            "timeouts": null,
            "zones": []
          },
          "sensitive_attributes": [],
          "private": "eyJlMmJmYjczMC1lY2FhLTExZTYtOGY4OC0zNDM2M2JjN2M0YzAiOnsiY3JlYXRlIjoxODAwMDAwMDAwMDAwLCJkZWxldGUiOjE4MDAwMDAwMDAwMDAsInJlYWQiOjMwMDAwMDAwMDAwMCwidXBkYXRlIjoxODAwMDAwMDAwMDAwfX0=",
          "dependencies": [
            "azurerm_resource_group.rg"
          ]
        }
      ]
    },
    {
      "mode": "managed",
      "type": "azurerm_public_ip",
      "name": "myPublicIp4",
      "provider": "provider[\"registry.terraform.io/hashicorp/azurerm\"]",
      "instances": [
        {
          "schema_version": 0,
          "attributes": {
            "allocation_method": "Dynamic",
            "domain_name_label": null,
            "fqdn": null,
            "id": "/subscriptions/bca86a46-059e-45f5-ba6d-4a75bf90450d/resourceGroups/kubernetes_rg/providers/Microsoft.Network/publicIPAddresses/vmip4",
            "idle_timeout_in_minutes": 4,
            "ip_address": "",
            "ip_version": "IPv4",
            "location": "westeurope",
            "name": "vmip4",
            "public_ip_prefix_id": null,
            "resource_group_name": "kubernetes_rg",
            "reverse_fqdn": null,
            "sku": "Basic",
            "tags": {
              "environment": "CP2"
            },
            "timeouts": null,
            "zones": []
          },
          "sensitive_attributes": [],
          "private": "eyJlMmJmYjczMC1lY2FhLTExZTYtOGY4OC0zNDM2M2JjN2M0YzAiOnsiY3JlYXRlIjoxODAwMDAwMDAwMDAwLCJkZWxldGUiOjE4MDAwMDAwMDAwMDAsInJlYWQiOjMwMDAwMDAwMDAwMCwidXBkYXRlIjoxODAwMDAwMDAwMDAwfX0=",
          "dependencies": [
            "azurerm_resource_group.rg"
          ]
        }
      ]
    },
    {
      "mode": "managed",
      "type": "azurerm_resource_group",
      "name": "rg",
      "provider": "provider[\"registry.terraform.io/hashicorp/azurerm\"]",
      "instances": [
        {
          "schema_version": 0,
          "attributes": {
            "id": "/subscriptions/bca86a46-059e-45f5-ba6d-4a75bf90450d/resourceGroups/kubernetes_rg",
            "location": "westeurope",
            "name": "kubernetes_rg",
            "tags": {
              "environment": "CP2"
            },
            "timeouts": null
          },
          "sensitive_attributes": [],
          "private": "eyJlMmJmYjczMC1lY2FhLTExZTYtOGY4OC0zNDM2M2JjN2M0YzAiOnsiY3JlYXRlIjo1NDAwMDAwMDAwMDAwLCJkZWxldGUiOjU0MDAwMDAwMDAwMDAsInJlYWQiOjMwMDAwMDAwMDAwMCwidXBkYXRlIjo1NDAwMDAwMDAwMDAwfX0="
        }
      ]
    },
    {
      "mode": "managed",
      "type": "azurerm_storage_account",
      "name": "stAccount",
      "provider": "provider[\"registry.terraform.io/hashicorp/azurerm\"]",
      "instances": [
        {
          "schema_version": 2,
          "attributes": {
            "access_tier": "Hot",
            "account_kind": "StorageV2",
            "account_replication_type": "LRS",
            "account_tier": "Standard",
            "allow_blob_public_access": false,
            "blob_properties": [],
            "custom_domain": [],
            "enable_https_traffic_only": true,
            "id": "/subscriptions/bca86a46-059e-45f5-ba6d-4a75bf90450d/resourceGroups/kubernetes_rg/providers/Microsoft.Storage/storageAccounts/staccountcp2egkainzos",
            "identity": [],
            "is_hns_enabled": false,
            "large_file_share_enabled": null,
            "location": "westeurope",
            "min_tls_version": "TLS1_0",
            "name": "staccountcp2egkainzos",
            "network_rules": [
              {
                "bypass": [
                  "AzureServices"
                ],
                "default_action": "Allow",
                "ip_rules": [],
                "virtual_network_subnet_ids": []
              }
            ],
            "primary_access_key": "j793bRJ4HvCkERhvC+GQ7S7R3MkYnJi2SYVFF/tQYtrUoWjYF2rPNcS7uHNfqdu31PldiOMf8Wt3EOGJgZa90g==",
            "primary_blob_connection_string": "DefaultEndpointsProtocol=https;BlobEndpoint=https://staccountcp2egkainzos.blob.core.windows.net/;AccountName=staccountcp2egkainzos;AccountKey=j793bRJ4HvCkERhvC+GQ7S7R3MkYnJi2SYVFF/tQYtrUoWjYF2rPNcS7uHNfqdu31PldiOMf8Wt3EOGJgZa90g==",
            "primary_blob_endpoint": "https://staccountcp2egkainzos.blob.core.windows.net/",
            "primary_blob_host": "staccountcp2egkainzos.blob.core.windows.net",
            "primary_connection_string": "DefaultEndpointsProtocol=https;AccountName=staccountcp2egkainzos;AccountKey=j793bRJ4HvCkERhvC+GQ7S7R3MkYnJi2SYVFF/tQYtrUoWjYF2rPNcS7uHNfqdu31PldiOMf8Wt3EOGJgZa90g==;EndpointSuffix=core.windows.net",
            "primary_dfs_endpoint": "https://staccountcp2egkainzos.dfs.core.windows.net/",
            "primary_dfs_host": "staccountcp2egkainzos.dfs.core.windows.net",
            "primary_file_endpoint": "https://staccountcp2egkainzos.file.core.windows.net/",
            "primary_file_host": "staccountcp2egkainzos.file.core.windows.net",
            "primary_location": "westeurope",
            "primary_queue_endpoint": "https://staccountcp2egkainzos.queue.core.windows.net/",
            "primary_queue_host": "staccountcp2egkainzos.queue.core.windows.net",
            "primary_table_endpoint": "https://staccountcp2egkainzos.table.core.windows.net/",
            "primary_table_host": "staccountcp2egkainzos.table.core.windows.net",
            "primary_web_endpoint": "https://staccountcp2egkainzos.z6.web.core.windows.net/",
            "primary_web_host": "staccountcp2egkainzos.z6.web.core.windows.net",
            "queue_properties": [
              {
                "cors_rule": [],
                "hour_metrics": [
                  {
                    "enabled": true,
                    "include_apis": true,
                    "retention_policy_days": 7,
                    "version": "1.0"
                  }
                ],
                "logging": [
                  {
                    "delete": false,
                    "read": false,
                    "retention_policy_days": 0,
                    "version": "1.0",
                    "write": false
                  }
                ],
                "minute_metrics": [
                  {
                    "enabled": false,
                    "include_apis": false,
                    "retention_policy_days": 0,
                    "version": "1.0"
                  }
                ]
              }
            ],
            "resource_group_name": "kubernetes_rg",
            "secondary_access_key": "vELm+1VUk4Wg0cSAhyHD4+EOXDv+/mlQ5wx2jsNB/Z5MCUuxuEA+eESjeftWDlEvx1UDTc50+HElfUBFOi2tPw==",
            "secondary_blob_connection_string": "",
            "secondary_blob_endpoint": null,
            "secondary_blob_host": null,
            "secondary_connection_string": "DefaultEndpointsProtocol=https;AccountName=staccountcp2egkainzos;AccountKey=vELm+1VUk4Wg0cSAhyHD4+EOXDv+/mlQ5wx2jsNB/Z5MCUuxuEA+eESjeftWDlEvx1UDTc50+HElfUBFOi2tPw==;EndpointSuffix=core.windows.net",
            "secondary_dfs_endpoint": null,
            "secondary_dfs_host": null,
            "secondary_file_endpoint": null,
            "secondary_file_host": null,
            "secondary_location": "",
            "secondary_queue_endpoint": null,
            "secondary_queue_host": null,
            "secondary_table_endpoint": null,
            "secondary_table_host": null,
            "secondary_web_endpoint": null,
            "secondary_web_host": null,
            "static_website": [],
            "tags": {
              "environment": "CP2"
            },
            "timeouts": null
          },
          "sensitive_attributes": [],
          "private": "eyJlMmJmYjczMC1lY2FhLTExZTYtOGY4OC0zNDM2M2JjN2M0YzAiOnsiY3JlYXRlIjozNjAwMDAwMDAwMDAwLCJkZWxldGUiOjM2MDAwMDAwMDAwMDAsInJlYWQiOjMwMDAwMDAwMDAwMCwidXBkYXRlIjozNjAwMDAwMDAwMDAwfSwic2NoZW1hX3ZlcnNpb24iOiIyIn0=",
          "dependencies": [
            "azurerm_resource_group.rg"
          ]
        }
      ]
    },
    {
      "mode": "managed",
      "type": "azurerm_subnet",
      "name": "mySubnet",
      "provider": "provider[\"registry.terraform.io/hashicorp/azurerm\"]",
      "instances": [
        {
          "schema_version": 0,
          "attributes": {
            "address_prefix": "10.0.1.0/24",
            "address_prefixes": [
              "10.0.1.0/24"
            ],
            "delegation": [],
            "enforce_private_link_endpoint_network_policies": false,
            "enforce_private_link_service_network_policies": false,
            "id": "/subscriptions/bca86a46-059e-45f5-ba6d-4a75bf90450d/resourceGroups/kubernetes_rg/providers/Microsoft.Network/virtualNetworks/kubernetesnet/subnets/terraformsubnet",
            "name": "terraformsubnet",
            "resource_group_name": "kubernetes_rg",
            "service_endpoint_policy_ids": [],
            "service_endpoints": [],
            "timeouts": null,
            "virtual_network_name": "kubernetesnet"
          },
          "sensitive_attributes": [],
          "private": "eyJlMmJmYjczMC1lY2FhLTExZTYtOGY4OC0zNDM2M2JjN2M0YzAiOnsiY3JlYXRlIjoxODAwMDAwMDAwMDAwLCJkZWxldGUiOjE4MDAwMDAwMDAwMDAsInJlYWQiOjMwMDAwMDAwMDAwMCwidXBkYXRlIjoxODAwMDAwMDAwMDAwfX0=",
          "dependencies": [
            "azurerm_resource_group.rg",
            "azurerm_virtual_network.myNet"
          ]
        }
      ]
    },
    {
      "mode": "managed",
      "type": "azurerm_subnet",
      "name": "mySubnet2",
      "provider": "provider[\"registry.terraform.io/hashicorp/azurerm\"]",
      "instances": [
        {
          "schema_version": 0,
          "attributes": {
            "address_prefix": "10.0.1.0/24",
            "address_prefixes": [
              "10.0.1.0/24"
            ],
            "delegation": [],
            "enforce_private_link_endpoint_network_policies": false,
            "enforce_private_link_service_network_policies": false,
            "id": "/subscriptions/bca86a46-059e-45f5-ba6d-4a75bf90450d/resourceGroups/kubernetes_rg/providers/Microsoft.Network/virtualNetworks/kubernetesnet/subnets/terraformsubnet",
            "name": "terraformsubnet",
            "resource_group_name": "kubernetes_rg",
            "service_endpoint_policy_ids": [],
            "service_endpoints": [],
            "timeouts": null,
            "virtual_network_name": "kubernetesnet"
          },
          "sensitive_attributes": [],
          "private": "eyJlMmJmYjczMC1lY2FhLTExZTYtOGY4OC0zNDM2M2JjN2M0YzAiOnsiY3JlYXRlIjoxODAwMDAwMDAwMDAwLCJkZWxldGUiOjE4MDAwMDAwMDAwMDAsInJlYWQiOjMwMDAwMDAwMDAwMCwidXBkYXRlIjoxODAwMDAwMDAwMDAwfX0=",
          "dependencies": [
            "azurerm_resource_group.rg",
            "azurerm_virtual_network.myNet"
          ]
        }
      ]
    },
    {
      "mode": "managed",
      "type": "azurerm_subnet",
      "name": "mySubnet3",
      "provider": "provider[\"registry.terraform.io/hashicorp/azurerm\"]",
      "instances": [
        {
          "schema_version": 0,
          "attributes": {
            "address_prefix": "10.0.1.0/24",
            "address_prefixes": [
              "10.0.1.0/24"
            ],
            "delegation": [],
            "enforce_private_link_endpoint_network_policies": false,
            "enforce_private_link_service_network_policies": false,
            "id": "/subscriptions/bca86a46-059e-45f5-ba6d-4a75bf90450d/resourceGroups/kubernetes_rg/providers/Microsoft.Network/virtualNetworks/kubernetesnet/subnets/terraformsubnet",
            "name": "terraformsubnet",
            "resource_group_name": "kubernetes_rg",
            "service_endpoint_policy_ids": [],
            "service_endpoints": [],
            "timeouts": null,
            "virtual_network_name": "kubernetesnet"
          },
          "sensitive_attributes": [],
          "private": "eyJlMmJmYjczMC1lY2FhLTExZTYtOGY4OC0zNDM2M2JjN2M0YzAiOnsiY3JlYXRlIjoxODAwMDAwMDAwMDAwLCJkZWxldGUiOjE4MDAwMDAwMDAwMDAsInJlYWQiOjMwMDAwMDAwMDAwMCwidXBkYXRlIjoxODAwMDAwMDAwMDAwfX0=",
          "dependencies": [
            "azurerm_resource_group.rg",
            "azurerm_virtual_network.myNet"
          ]
        }
      ]
    },
    {
      "mode": "managed",
      "type": "azurerm_subnet",
      "name": "mySubnet4",
      "provider": "provider[\"registry.terraform.io/hashicorp/azurerm\"]",
      "instances": [
        {
          "schema_version": 0,
          "attributes": {
            "address_prefix": "10.0.1.0/24",
            "address_prefixes": [
              "10.0.1.0/24"
            ],
            "delegation": [],
            "enforce_private_link_endpoint_network_policies": false,
            "enforce_private_link_service_network_policies": false,
            "id": "/subscriptions/bca86a46-059e-45f5-ba6d-4a75bf90450d/resourceGroups/kubernetes_rg/providers/Microsoft.Network/virtualNetworks/kubernetesnet/subnets/terraformsubnet",
            "name": "terraformsubnet",
            "resource_group_name": "kubernetes_rg",
            "service_endpoint_policy_ids": [],
            "service_endpoints": [],
            "timeouts": null,
            "virtual_network_name": "kubernetesnet"
          },
          "sensitive_attributes": [],
          "private": "eyJlMmJmYjczMC1lY2FhLTExZTYtOGY4OC0zNDM2M2JjN2M0YzAiOnsiY3JlYXRlIjoxODAwMDAwMDAwMDAwLCJkZWxldGUiOjE4MDAwMDAwMDAwMDAsInJlYWQiOjMwMDAwMDAwMDAwMCwidXBkYXRlIjoxODAwMDAwMDAwMDAwfX0=",
          "dependencies": [
            "azurerm_resource_group.rg",
            "azurerm_virtual_network.myNet"
          ]
        }
      ]
    },
    {
      "mode": "managed",
      "type": "azurerm_virtual_network",
      "name": "myNet",
      "provider": "provider[\"registry.terraform.io/hashicorp/azurerm\"]",
      "instances": [
        {
          "schema_version": 0,
          "attributes": {
            "address_space": [
              "10.0.0.0/16"
            ],
            "bgp_community": "",
            "ddos_protection_plan": [],
            "dns_servers": [],
            "guid": "457c60b9-2514-4dc5-8813-e3ad0a9906ae",
            "id": "/subscriptions/bca86a46-059e-45f5-ba6d-4a75bf90450d/resourceGroups/kubernetes_rg/providers/Microsoft.Network/virtualNetworks/kubernetesnet",
            "location": "westeurope",
            "name": "kubernetesnet",
            "resource_group_name": "kubernetes_rg",
            "subnet": [
              {
                "address_prefix": "10.0.1.0/24",
                "id": "/subscriptions/bca86a46-059e-45f5-ba6d-4a75bf90450d/resourceGroups/kubernetes_rg/providers/Microsoft.Network/virtualNetworks/kubernetesnet/subnets/terraformsubnet",
                "name": "terraformsubnet",
                "security_group": ""
              }
            ],
            "tags": {
              "environment": "CP2"
            },
            "timeouts": null,
            "vm_protection_enabled": false
          },
          "sensitive_attributes": [],
          "private": "eyJlMmJmYjczMC1lY2FhLTExZTYtOGY4OC0zNDM2M2JjN2M0YzAiOnsiY3JlYXRlIjoxODAwMDAwMDAwMDAwLCJkZWxldGUiOjE4MDAwMDAwMDAwMDAsInJlYWQiOjMwMDAwMDAwMDAwMCwidXBkYXRlIjoxODAwMDAwMDAwMDAwfX0=",
          "dependencies": [
            "azurerm_resource_group.rg"
          ]
        }
      ]
    },
    {
      "mode": "managed",
      "type": "azurerm_virtual_network",
      "name": "myNet2",
      "provider": "provider[\"registry.terraform.io/hashicorp/azurerm\"]",
      "instances": [
        {
          "schema_version": 0,
          "attributes": {
            "address_space": [
              "10.0.0.0/16"
            ],
            "bgp_community": "",
            "ddos_protection_plan": [],
            "dns_servers": [],
            "guid": "457c60b9-2514-4dc5-8813-e3ad0a9906ae",
            "id": "/subscriptions/bca86a46-059e-45f5-ba6d-4a75bf90450d/resourceGroups/kubernetes_rg/providers/Microsoft.Network/virtualNetworks/kubernetesnet",
            "location": "westeurope",
            "name": "kubernetesnet",
            "resource_group_name": "kubernetes_rg",
            "subnet": [
              {
                "address_prefix": "10.0.1.0/24",
                "id": "/subscriptions/bca86a46-059e-45f5-ba6d-4a75bf90450d/resourceGroups/kubernetes_rg/providers/Microsoft.Network/virtualNetworks/kubernetesnet/subnets/terraformsubnet",
                "name": "terraformsubnet",
                "security_group": ""
              }
            ],
            "tags": {
              "environment": "CP2"
            },
            "timeouts": null,
            "vm_protection_enabled": false
          },
          "sensitive_attributes": [],
          "private": "eyJlMmJmYjczMC1lY2FhLTExZTYtOGY4OC0zNDM2M2JjN2M0YzAiOnsiY3JlYXRlIjoxODAwMDAwMDAwMDAwLCJkZWxldGUiOjE4MDAwMDAwMDAwMDAsInJlYWQiOjMwMDAwMDAwMDAwMCwidXBkYXRlIjoxODAwMDAwMDAwMDAwfX0=",
          "dependencies": [
            "azurerm_resource_group.rg"
          ]
        }
      ]
    }
  ]
}
